<?xml version="1.0" encoding="utf-8"?>
<Project ToolsVersion="4.0" xmlns="http://schemas.microsoft.com/developer/msbuild/2003">
  <ItemGroup>
    <ClCompile Include="CChaosFeature.cpp" />
    <ClCompile Include="CChaos.cpp" />
    <ClCompile Include="GSChaos.cpp" />
    <ClCompile Include="Utils.cpp" />
    <ClCompile Include="..\external\imgui\imgui.cpp">
      <Filter>ImGUI</Filter>
    </ClCompile>
    <ClCompile Include="..\external\imgui\imgui_demo.cpp">
      <Filter>ImGUI</Filter>
    </ClCompile>
    <ClCompile Include="..\external\imgui\imgui_draw.cpp">
      <Filter>ImGUI</Filter>
    </ClCompile>
    <ClCompile Include="..\external\imgui\imgui_tables.cpp">
      <Filter>ImGUI</Filter>
    </ClCompile>
    <ClCompile Include="..\external\imgui\imgui_widgets.cpp">
      <Filter>ImGUI</Filter>
    </ClCompile>
    <ClCompile Include="..\external\imgui\backends\imgui_impl_opengl2.cpp">
      <Filter>ImGUI</Filter>
    </ClCompile>
    <ClCompile Include="imgui_manager.cpp">
      <Filter>ImGUI</Filter>
    </ClCompile>
    <ClCompile Include="..\external\imgui\backends\imgui_impl_win32.cpp">
      <Filter>ImGUI</Filter>
    </ClCompile>
    <ClCompile Include="..\external\MinHook\buffer.c">
      <Filter>Hooking\MinHook</Filter>
    </ClCompile>
    <ClCompile Include="..\external\MinHook\hook.c">
      <Filter>Hooking\MinHook</Filter>
    </ClCompile>
    <ClCompile Include="..\external\MinHook\trampoline.c">
      <Filter>Hooking\MinHook</Filter>
    </ClCompile>
    <ClCompile Include="..\external\MinHook\hde\hde32.c">
      <Filter>Hooking\MinHook</Filter>
    </ClCompile>
    <ClCompile Include="..\external\MinHook\hde\hde64.c">
      <Filter>Hooking\MinHook</Filter>
    </ClCompile>
    <ClCompile Include="..\external\SPTLib\DetoursUtils.cpp">
      <Filter>Hooking</Filter>
    </ClCompile>
    <ClCompile Include="CFeatureNewGame.cpp">
      <Filter>Effects</Filter>
    </ClCompile>
    <ClCompile Include="CFeatureSet1HP.cpp">
      <Filter>Effects</Filter>
    </ClCompile>
    <ClCompile Include="CFeatureAudioCorrupt.cpp">
      <Filter>Effects</Filter>
    </ClCompile>
    <ClCompile Include="CFeatureFly.cpp">
      <Filter>Effects</Filter>
    </ClCompile>
    <ClCompile Include="CFeatureRemoveArmor.cpp">
      <Filter>Effects</Filter>
    </ClCompile>
    <ClCompile Include="CFeatureZeroGravity.cpp">
      <Filter>Effects</Filter>
    </ClCompile>
    <ClCompile Include="CFeatureInvisibleEntities.cpp">
      <Filter>Effects</Filter>
    </ClCompile>
    <ClCompile Include="CFeatureOhio.cpp">
      <Filter>Effects</Filter>
    </ClCompile>
    <ClCompile Include="CFeatureNothing.cpp">
      <Filter>Effects</Filter>
    </ClCompile>
    <ClCompile Include="CFeatureDarkness.cpp">
      <Filter>Effects</Filter>
    </ClCompile>
    <ClCompile Include="CFeatureTotem.cpp">
      <Filter>Effects</Filter>
    </ClCompile>
    <ClCompile Include="CFeatureForgotCSS.cpp">
      <Filter>Effects</Filter>
    </ClCompile>
    <ClCompile Include="CFeatureHighGravity.cpp">
      <Filter>Effects</Filter>
    </ClCompile>
    <ClCompile Include="CFeatureGodMode.cpp">
      <Filter>Effects</Filter>
    </ClCompile>
    <ClCompile Include="CFeatureGlobalGodMode.cpp">
      <Filter>Effects</Filter>
    </ClCompile>
    <ClCompile Include="CFeatureExplosion.cpp">
      <Filter>Effects</Filter>
    </ClCompile>
    <ClCompile Include="CFeatureIchthyosaur.cpp">
      <Filter>Effects</Filter>
    </ClCompile>
    <ClCompile Include="CFeatureGruntAmbush.cpp">
      <Filter>Effects</Filter>
    </ClCompile>
    <ClCompile Include="CFeatureGTA3HUD.cpp">
      <Filter>Effects</Filter>
    </ClCompile>
    <ClCompile Include="CFeatureWeaponStrip.cpp">
      <Filter>Effects</Filter>
    </ClCompile>
    <ClCompile Include="parsemsg.cpp" />
    <ClCompile Include="CFeatureGrieferShephard.cpp">
      <Filter>Effects</Filter>
    </ClCompile>
    <ClCompile Include="dynamic_precache.cpp" />
    <ClCompile Include="CFeatureEntitySpin.cpp">
      <Filter>Effects</Filter>
    </ClCompile>
    <ClCompile Include="CFeatureGTA2Camera.cpp">
      <Filter>Effects</Filter>
    </ClCompile>
    <ClCompile Include="CFeatureOnePercentDeath.cpp">
      <Filter>Effects</Filter>
    </ClCompile>
    <ClCompile Include="CFeatureSpawnRandomEntity.cpp">
      <Filter>Effects</Filter>
    </ClCompile>
    <ClCompile Include="CFeatureSleepy.cpp">
      <Filter>Effects</Filter>
    </ClCompile>
    <ClCompile Include="CFeature20FPS.cpp">
      <Filter>Effects</Filter>
    </ClCompile>
    <ClCompile Include="CFeatureBSPDementia.cpp">
      <Filter>Effects</Filter>
    </ClCompile>
    <ClCompile Include="CFeatureHEVMadness.cpp">
      <Filter>Effects</Filter>
    </ClCompile>
    <ClCompile Include="CFeatureCombineEffects.cpp">
      <Filter>Effects</Filter>
    </ClCompile>
    <ClCompile Include="CFeatureNegativeStepsize.cpp">
      <Filter>Effects</Filter>
    </ClCompile>
    <ClCompile Include="CFeatureLobotomy.cpp">
      <Filter>Effects</Filter>
    </ClCompile>
    <ClCompile Include="CFeatureUpsideDown.cpp">
      <Filter>Effects</Filter>
    </ClCompile>
    <ClCompile Include="CFeatureNPCExplode.cpp">
      <Filter>Effects</Filter>
    </ClCompile>
    <ClCompile Include="CLWrapper.cpp" />
    <ClCompile Include="CFeatureJeepy.cpp">
      <Filter>Effects</Filter>
    </ClCompile>
    <ClCompile Include="..\external\imgui\backends\imgui_impl_opengl3.cpp">
      <Filter>ImGUI</Filter>
    </ClCompile>
    <ClCompile Include="CFeatureGravityField.cpp">
      <Filter>Effects</Filter>
    </ClCompile>
    <ClCompile Include="CFeatureIceSkating.cpp">
      <Filter>Effects</Filter>
    </ClCompile>
    <ClCompile Include="CFeatureInvertVelocity.cpp">
      <Filter>Effects</Filter>
    </ClCompile>
    <ClCompile Include="CFeatureNeedForSpeed.cpp">
      <Filter>Effects</Filter>
    </ClCompile>
    <ClCompile Include="..\external\twitch\twitch.cpp">
      <Filter>Twitch</Filter>
    </ClCompile>
    <ClCompile Include="..\external\fmt\format.cc">
      <Filter>Twitch</Filter>
    </ClCompile>
    <ClCompile Include="..\external\fmt\ostream.cc">
      <Filter>Twitch</Filter>
    </ClCompile>
    <ClCompile Include="..\external\fmt\posix.cc">
      <Filter>Twitch</Filter>
    </ClCompile>
    <ClCompile Include="..\external\fmt\printf.cc">
      <Filter>Twitch</Filter>
    </ClCompile>
    <ClCompile Include="CFeatureGiveRandomWeapon.cpp">
      <Filter>Effects</Filter>
    </ClCompile>
    <ClCompile Include="CFeatureMakeItBunDem.cpp">
      <Filter>Effects</Filter>
    </ClCompile>
    <ClCompile Include="CFeatureBikiniBottom.cpp">
      <Filter>Effects</Filter>
    </ClCompile>
    <ClCompile Include="CFeatureX10Gravity.cpp">
      <Filter>Effects</Filter>
    </ClCompile>
    <ClCompile Include="CFeatureOverwriteQuicksave.cpp">
      <Filter>Effects</Filter>
    </ClCompile>
    <ClCompile Include="CFeatureStop.cpp">
      <Filter>Effects</Filter>
    </ClCompile>
    <ClCompile Include="CFeatureNoclip.cpp">
      <Filter>Effects</Filter>
    </ClCompile>
    <ClCompile Include="CFeatureAmIDead.cpp">
      <Filter>Effects</Filter>
    </ClCompile>
    <ClCompile Include="CFeatureGiveArmor.cpp">
      <Filter>Effects</Filter>
    </ClCompile>
    <ClCompile Include="CFeatureGiveHealth.cpp">
      <Filter>Effects</Filter>
    </ClCompile>
    <ClCompile Include="CFeatureHL2Movement.cpp">
      <Filter>Effects</Filter>
    </ClCompile>
    <ClCompile Include="CFeatureNodeGraphRebuilding.cpp">
      <Filter>Effects</Filter>
    </ClCompile>
    <ClCompile Include="CFeatureNice.cpp">
      <Filter>Effects</Filter>
    </ClCompile>
    <ClCompile Include="CFeatureInsaneStepsize.cpp">
      <Filter>Effects</Filter>
    </ClCompile>
    <ClCompile Include="CFeatureDeleteRandomEntity.cpp">
      <Filter>Effects</Filter>
    </ClCompile>
    <ClCompile Include="CFeatureNuke.cpp">
      <Filter>Effects</Filter>
    </ClCompile>
    <ClCompile Include="CFeaturePlusDuck.cpp">
      <Filter>Effects</Filter>
    </ClCompile>
    <ClCompile Include="CFeatureMonsterWorldspawn.cpp">
      <Filter>Effects</Filter>
    </ClCompile>
    <ClCompile Include="CFeatureSpawnFastrun.cpp">
      <Filter>Effects</Filter>
    </ClCompile>
    <ClCompile Include="CFeatureWorldHallucination.cpp">
      <Filter>Effects</Filter>
    </ClCompile>
    <ClCompile Include="CFeatureGiveOneHP.cpp">
      <Filter>Effects</Filter>
    </ClCompile>
    <ClCompile Include="CFeatureTakeOneHP.cpp">
      <Filter>Effects</Filter>
    </ClCompile>
    <ClCompile Include="CFeatureScientistMadness.cpp">
      <Filter>Effects</Filter>
    </ClCompile>
    <ClCompile Include="CFeatureMLGAudio.cpp">
      <Filter>Effects</Filter>
    </ClCompile>
    <ClCompile Include="CFeatureNoHUD.cpp">
      <Filter>Effects</Filter>
    </ClCompile>
    <ClCompile Include="CFeatureQuakePro.cpp">
      <Filter>Effects</Filter>
    </ClCompile>
    <ClCompile Include="CFeatureNegativeAccelerate.cpp">
      <Filter>Effects</Filter>
    </ClCompile>
    <ClCompile Include="CFeatureExtremeGrieferShephard.cpp">
      <Filter>Effects</Filter>
    </ClCompile>
    <ClCompile Include="CFeatureSqueakShephard.cpp">
      <Filter>Effects</Filter>
    </ClCompile>
    <ClCompile Include="CFeatureSqueakShephards.cpp">
      <Filter>Effects</Filter>
    </ClCompile>
    <ClCompile Include="CFeatureBoost.cpp">
      <Filter>Effects</Filter>
    </ClCompile>
    <ClCompile Include="CrashHandler.cpp" />
    <ClCompile Include="..\external\StackWalker.cpp">
      <Filter>StackWalker</Filter>
    </ClCompile>
    <ClCompile Include="CFeatureNotarget.cpp">
      <Filter>Effects</Filter>
    </ClCompile>
    <ClCompile Include="CFeatureHalfGravity.cpp">
      <Filter>Effects</Filter>
    </ClCompile>
    <ClCompile Include="CFeatureRollin.cpp">
      <Filter>Effects</Filter>
    </ClCompile>
    <ClCompile Include="Shader.cpp" />
    <ClCompile Include="CFeatureHigh.cpp">
      <Filter>Effects</Filter>
    </ClCompile>
    <ClCompile Include="CFeatureShake.cpp">
      <Filter>Effects</Filter>
    </ClCompile>
    <ClCompile Include="CFeatureSlap.cpp">
      <Filter>Effects</Filter>
    </ClCompile>
    <ClCompile Include="CFeaturePlayAG.cpp">
      <Filter>Effects</Filter>
    </ClCompile>
    <ClCompile Include="CFeature10Effects.cpp">
      <Filter>Effects</Filter>
    </ClCompile>
    <ClCompile Include="CFeatureSwapHealth.cpp">
      <Filter>Effects</Filter>
    </ClCompile>
    <ClCompile Include="CFeatureShuffleEntitiesPositions.cpp">
      <Filter>Effects</Filter>
    </ClCompile>
    <ClCompile Include="CFeatureTeleportToRandomNPC.cpp">
      <Filter>Effects</Filter>
    </ClCompile>
    <ClCompile Include="CFeatureWideNPCs.cpp">
      <Filter>Effects</Filter>
    </ClCompile>
    <ClCompile Include="CFeatureUltraWideNPCs.cpp">
      <Filter>Effects</Filter>
    </ClCompile>
    <ClCompile Include="CFeatureTinyNPCs.cpp">
      <Filter>Effects</Filter>
    </ClCompile>
    <ClCompile Include="CFeaturePaperNPCs.cpp">
      <Filter>Effects</Filter>
    </ClCompile>
    <ClCompile Include="CFeatureGiveOneArmor.cpp">
      <Filter>Effects</Filter>
    </ClCompile>
    <ClCompile Include="CFeatureReplaceModelsWithPlayer.cpp">
      <Filter>Effects</Filter>
    </ClCompile>
    <ClCompile Include="CFeatureHorrorAudio.cpp">
      <Filter>Effects</Filter>
    </ClCompile>
    <ClCompile Include="CFeatureLowFOV.cpp">
      <Filter>Effects</Filter>
    </ClCompile>
    <ClCompile Include="CFeatureDisableChaosUI.cpp">
      <Filter>Effects</Filter>
    </ClCompile>
    <ClCompile Include="CFeatureRandomFog.cpp">
      <Filter>Effects</Filter>
    </ClCompile>
    <ClCompile Include="CFeatureWorstBhopCap.cpp">
      <Filter>Effects</Filter>
    </ClCompile>
    <ClCompile Include="CFeatureLongJump.cpp">
      <Filter>Effects</Filter>
    </ClCompile>
    <ClCompile Include="CFeatureReloadAutosave.cpp">
      <Filter>Effects</Filter>
    </ClCompile>
    <ClCompile Include="CFeatureExtremeGrieferJesus.cpp">
      <Filter>Effects</Filter>
    </ClCompile>
    <ClCompile Include="CFeatureMegaJump.cpp">
      <Filter>Effects</Filter>
    </ClCompile>
    <ClCompile Include="CFeatureSpawn5RandomEntities.cpp">
      <Filter>Effects</Filter>
    </ClCompile>
    <ClCompile Include="CFeatureGiveAllWeapons.cpp">
      <Filter>Effects</Filter>
    </ClCompile>
    <ClCompile Include="CFeatureQuakeJumpSound.cpp">
      <Filter>Effects</Filter>
    </ClCompile>
    <ClCompile Include="CFeatureWaterIsALie.cpp">
      <Filter>Effects</Filter>
    </ClCompile>
    <ClCompile Include="CFeatureHook.cpp">
      <Filter>Effects</Filter>
    </ClCompile>
    <ClCompile Include="CFeatureSpawnTeleport.cpp">
      <Filter>Effects</Filter>
    </ClCompile>
    <ClCompile Include="CFeatureMirrorScreen.cpp">
      <Filter>Effects</Filter>
    </ClCompile>
    <ClCompile Include="CFeatureWideScreen.cpp">
      <Filter>Effects</Filter>
    </ClCompile>
    <ClCompile Include="CFeatureCreepypasta.cpp">
      <Filter>Effects</Filter>
    </ClCompile>
    <ClCompile Include="CFeatureMessWorld.cpp">
      <Filter>Effects</Filter>
    </ClCompile>
    <ClCompile Include="CFeatureKickWorld.cpp">
      <Filter>Effects</Filter>
    </ClCompile>
    <ClCompile Include="CFeatureTallWorld.cpp">
      <Filter>Effects</Filter>
    </ClCompile>
    <ClCompile Include="CFeature10GoodEffects.cpp">
      <Filter>Effects</Filter>
    </ClCompile>
    <ClCompile Include="in_camera.cpp" />
    <ClCompile Include="CFeatureTrapPlayer.cpp">
      <Filter>Effects</Filter>
    </ClCompile>
    <ClCompile Include="CFeatureThirdPerson.cpp">
      <Filter>Effects</Filter>
    </ClCompile>
    <ClCompile Include="CFeatureModelInsanity.cpp">
      <Filter>Effects</Filter>
    </ClCompile>
    <ClCompile Include="CFeatureHalfGameSpeed.cpp">
      <Filter>Effects</Filter>
    </ClCompile>
    <ClCompile Include="CFeatureStandstill.cpp">
      <Filter>Effects</Filter>
    </ClCompile>
    <ClCompile Include="CFeatureGameSpeedup.cpp">
      <Filter>Effects</Filter>
    </ClCompile>
    <ClCompile Include="CFeatureGambling.cpp">
      <Filter>Effects</Filter>
    </ClCompile>
    <ClCompile Include="CFeatureCheatCodeVoting.cpp">
      <Filter>Effects</Filter>
    </ClCompile>
    <ClCompile Include="CFeatureRandomGameSpeed.cpp">
      <Filter>Effects</Filter>
    </ClCompile>
    <ClCompile Include="CFeatureTurbulentHell.cpp">
      <Filter>Effects</Filter>
    </ClCompile>
    <ClCompile Include="CFeatureNAAim.cpp">
      <Filter>Effects</Filter>
    </ClCompile>
    <ClCompile Include="CFeatureTempEntityMadness.cpp">
      <Filter>Effects</Filter>
    </ClCompile>
    <ClCompile Include="CFeatureEUAim.cpp">
      <Filter>Effects</Filter>
    </ClCompile>
    <ClCompile Include="CFeatureScrollingHell.cpp">
      <Filter>Effects</Filter>
    </ClCompile>
    <ClCompile Include="CFeatureDelete5RandomEntities.cpp">
      <Filter>Effects</Filter>
    </ClCompile>
    <ClCompile Include="CFeatureKilometer.cpp">
      <Filter>Effects</Filter>
    </ClCompile>
    <ClCompile Include="CFeatureDinnerbone.cpp">
      <Filter>Effects</Filter>
    </ClCompile>
    <ClCompile Include="CFeatureMinerals.cpp">
      <Filter>Effects</Filter>
    </ClCompile>
    <ClCompile Include="CFeatureMoveAllNPCsToPlayer.cpp">
      <Filter>Effects</Filter>
    </ClCompile>
    <ClCompile Include="CFeatureChipmunks.cpp">
      <Filter>Effects</Filter>
    </ClCompile>
    <ClCompile Include="CFeatureFloatingPointInaccuracy.cpp">
      <Filter>Effects</Filter>
    </ClCompile>
    <ClCompile Include="ChaosLoudManager.cpp" />
    <ClCompile Include="..\external\soloud\src\filter\soloud_bassboostfilter.cpp">
      <Filter>SoLoud</Filter>
    </ClCompile>
    <ClCompile Include="..\external\soloud\src\filter\soloud_biquadresonantfilter.cpp">
      <Filter>SoLoud</Filter>
    </ClCompile>
    <ClCompile Include="..\external\soloud\src\filter\soloud_dcremovalfilter.cpp">
      <Filter>SoLoud</Filter>
    </ClCompile>
    <ClCompile Include="..\external\soloud\src\filter\soloud_echofilter.cpp">
      <Filter>SoLoud</Filter>
    </ClCompile>
    <ClCompile Include="..\external\soloud\src\filter\soloud_fftfilter.cpp">
      <Filter>SoLoud</Filter>
    </ClCompile>
    <ClCompile Include="..\external\soloud\src\filter\soloud_flangerfilter.cpp">
      <Filter>SoLoud</Filter>
    </ClCompile>
    <ClCompile Include="..\external\soloud\src\filter\soloud_freeverbfilter.cpp">
      <Filter>SoLoud</Filter>
    </ClCompile>
    <ClCompile Include="..\external\soloud\src\filter\soloud_lofifilter.cpp">
      <Filter>SoLoud</Filter>
    </ClCompile>
    <ClCompile Include="..\external\soloud\src\filter\soloud_robotizefilter.cpp">
      <Filter>SoLoud</Filter>
    </ClCompile>
    <ClCompile Include="..\external\soloud\src\filter\soloud_waveshaperfilter.cpp">
      <Filter>SoLoud</Filter>
    </ClCompile>
    <ClCompile Include="..\external\soloud\src\audiosource\monotone\soloud_monotone.cpp">
      <Filter>SoLoud</Filter>
    </ClCompile>
    <ClCompile Include="..\external\soloud\src\audiosource\noise\soloud_noise.cpp">
      <Filter>SoLoud</Filter>
    </ClCompile>
    <ClCompile Include="..\external\soloud\src\audiosource\openmpt\soloud_openmpt.cpp">
      <Filter>SoLoud</Filter>
    </ClCompile>
    <ClCompile Include="..\external\soloud\src\audiosource\openmpt\soloud_openmpt_dll.c">
      <Filter>SoLoud</Filter>
    </ClCompile>
    <ClCompile Include="..\external\soloud\src\audiosource\sfxr\soloud_sfxr.cpp">
      <Filter>SoLoud</Filter>
    </ClCompile>
    <ClCompile Include="..\external\soloud\src\audiosource\speech\darray.cpp">
      <Filter>SoLoud</Filter>
    </ClCompile>
    <ClCompile Include="..\external\soloud\src\audiosource\speech\klatt.cpp">
      <Filter>SoLoud</Filter>
    </ClCompile>
    <ClCompile Include="..\external\soloud\src\audiosource\speech\resonator.cpp">
      <Filter>SoLoud</Filter>
    </ClCompile>
    <ClCompile Include="..\external\soloud\src\audiosource\speech\soloud_speech.cpp">
      <Filter>SoLoud</Filter>
    </ClCompile>
    <ClCompile Include="..\external\soloud\src\audiosource\speech\tts.cpp">
      <Filter>SoLoud</Filter>
    </ClCompile>
    <ClCompile Include="..\external\soloud\src\audiosource\tedsid\sid.cpp">
      <Filter>SoLoud</Filter>
    </ClCompile>
    <ClCompile Include="..\external\soloud\src\audiosource\tedsid\soloud_tedsid.cpp">
      <Filter>SoLoud</Filter>
    </ClCompile>
    <ClCompile Include="..\external\soloud\src\audiosource\tedsid\ted.cpp">
      <Filter>SoLoud</Filter>
    </ClCompile>
    <ClCompile Include="..\external\soloud\src\audiosource\vic\soloud_vic.cpp">
      <Filter>SoLoud</Filter>
    </ClCompile>
    <ClCompile Include="..\external\soloud\src\audiosource\vizsn\soloud_vizsn.cpp">
      <Filter>SoLoud</Filter>
    </ClCompile>
    <ClCompile Include="..\external\soloud\src\audiosource\wav\dr_impl.cpp">
      <Filter>SoLoud</Filter>
    </ClCompile>
    <ClCompile Include="..\external\soloud\src\audiosource\wav\soloud_wav.cpp">
      <Filter>SoLoud</Filter>
    </ClCompile>
    <ClCompile Include="..\external\soloud\src\audiosource\wav\soloud_wavstream.cpp">
      <Filter>SoLoud</Filter>
    </ClCompile>
    <ClCompile Include="..\external\soloud\src\audiosource\wav\stb_vorbis.c">
      <Filter>SoLoud</Filter>
    </ClCompile>
    <ClCompile Include="..\external\soloud\src\core\soloud.cpp">
      <Filter>SoLoud</Filter>
    </ClCompile>
    <ClCompile Include="..\external\soloud\src\core\soloud_audiosource.cpp">
      <Filter>SoLoud</Filter>
    </ClCompile>
    <ClCompile Include="..\external\soloud\src\core\soloud_bus.cpp">
      <Filter>SoLoud</Filter>
    </ClCompile>
    <ClCompile Include="..\external\soloud\src\core\soloud_core_3d.cpp">
      <Filter>SoLoud</Filter>
    </ClCompile>
    <ClCompile Include="..\external\soloud\src\core\soloud_core_basicops.cpp">
      <Filter>SoLoud</Filter>
    </ClCompile>
    <ClCompile Include="..\external\soloud\src\core\soloud_core_faderops.cpp">
      <Filter>SoLoud</Filter>
    </ClCompile>
    <ClCompile Include="..\external\soloud\src\core\soloud_core_filterops.cpp">
      <Filter>SoLoud</Filter>
    </ClCompile>
    <ClCompile Include="..\external\soloud\src\core\soloud_core_getters.cpp">
      <Filter>SoLoud</Filter>
    </ClCompile>
    <ClCompile Include="..\external\soloud\src\core\soloud_core_setters.cpp">
      <Filter>SoLoud</Filter>
    </ClCompile>
    <ClCompile Include="..\external\soloud\src\core\soloud_core_voicegroup.cpp">
      <Filter>SoLoud</Filter>
    </ClCompile>
    <ClCompile Include="..\external\soloud\src\core\soloud_core_voiceops.cpp">
      <Filter>SoLoud</Filter>
    </ClCompile>
    <ClCompile Include="..\external\soloud\src\core\soloud_fader.cpp">
      <Filter>SoLoud</Filter>
    </ClCompile>
    <ClCompile Include="..\external\soloud\src\core\soloud_fft.cpp">
      <Filter>SoLoud</Filter>
    </ClCompile>
    <ClCompile Include="..\external\soloud\src\core\soloud_fft_lut.cpp">
      <Filter>SoLoud</Filter>
    </ClCompile>
    <ClCompile Include="..\external\soloud\src\core\soloud_file.cpp">
      <Filter>SoLoud</Filter>
    </ClCompile>
    <ClCompile Include="..\external\soloud\src\core\soloud_filter.cpp">
      <Filter>SoLoud</Filter>
    </ClCompile>
    <ClCompile Include="..\external\soloud\src\core\soloud_misc.cpp">
      <Filter>SoLoud</Filter>
    </ClCompile>
    <ClCompile Include="..\external\soloud\src\core\soloud_queue.cpp">
      <Filter>SoLoud</Filter>
    </ClCompile>
    <ClCompile Include="..\external\soloud\src\core\soloud_thread.cpp">
      <Filter>SoLoud</Filter>
    </ClCompile>
    <ClCompile Include="..\external\soloud\src\backend\miniaudio\soloud_miniaudio.cpp">
      <Filter>SoLoud</Filter>
    </ClCompile>
    <ClCompile Include="CFeatureEBoost.cpp">
      <Filter>Effects</Filter>
    </ClCompile>
    <ClCompile Include="CFeatureViewOfsInsanity.cpp">
      <Filter>Effects</Filter>
    </ClCompile>
    <ClCompile Include="CFeatureOverwriteAutosave.cpp">
      <Filter>Effects</Filter>
    </ClCompile>
    <ClCompile Include="CFeatureOverthinking.cpp">
      <Filter>Effects</Filter>
    </ClCompile>
    <ClCompile Include="CFeatureNightvision.cpp">
      <Filter>Effects</Filter>
    </ClCompile>
    <ClCompile Include="CFeatureVoidclip.cpp">
      <Filter>Effects</Filter>
    </ClCompile>
    <ClCompile Include="CFeatureLowDrawDistance.cpp">
      <Filter>Effects</Filter>
    </ClCompile>
    <ClCompile Include="CFeatureSuperhot.cpp">
      <Filter>Effects</Filter>
    </ClCompile>
    <ClCompile Include="CFeatureNoAttacking.cpp">
      <Filter>Effects</Filter>
    </ClCompile>
    <ClCompile Include="CFeaturePortrait.cpp">
      <Filter>Effects</Filter>
    </ClCompile>
    <ClCompile Include="CFeatureDisableOneMovementKey.cpp">
      <Filter>Effects</Filter>
    </ClCompile>
    <ClCompile Include="CFeatureInvertMovementInputs.cpp">
      <Filter>Effects</Filter>
    </ClCompile>
    <ClCompile Include="CFeatureOHKO.cpp">
      <Filter>Effects</Filter>
    </ClCompile>
    <ClCompile Include="CFeatureComboTime.cpp">
      <Filter>Effects</Filter>
    </ClCompile>
    <ClCompile Include="CFeatureInputDelay.cpp">
      <Filter>Effects</Filter>
    </ClCompile>
    <ClCompile Include="CFeatureBlur.cpp">
      <Filter>Effects</Filter>
    </ClCompile>
    <ClCompile Include="CFeatureMaxwell.cpp">
      <Filter>Effects</Filter>
    </ClCompile>
    <ClCompile Include="CFeatureSwapAttacks.cpp">
      <Filter>Effects</Filter>
    </ClCompile>
    <ClCompile Include="CFeatureTwitchy.cpp">
      <Filter>Effects</Filter>
    </ClCompile>
  </ItemGroup>
  <ItemGroup>
    <ClInclude Include="includes.h" />
    <ClInclude Include="CChaosFeature.h" />
    <ClInclude Include="CChaos.h" />
    <ClInclude Include="GSChaos.h" />
    <ClInclude Include="Utils.h" />
    <ClInclude Include="..\external\imgui\imconfig.h">
      <Filter>ImGUI</Filter>
    </ClInclude>
    <ClInclude Include="..\external\imgui\imgui.h">
      <Filter>ImGUI</Filter>
    </ClInclude>
    <ClInclude Include="..\external\imgui\imgui_internal.h">
      <Filter>ImGUI</Filter>
    </ClInclude>
    <ClInclude Include="..\external\imgui\imstb_rectpack.h">
      <Filter>ImGUI</Filter>
    </ClInclude>
    <ClInclude Include="..\external\imgui\imstb_textedit.h">
      <Filter>ImGUI</Filter>
    </ClInclude>
    <ClInclude Include="..\external\imgui\imstb_truetype.h">
      <Filter>ImGUI</Filter>
    </ClInclude>
    <ClInclude Include="..\external\imgui\backends\imgui_impl_opengl2.h">
      <Filter>ImGUI</Filter>
    </ClInclude>
    <ClInclude Include="imgui_manager.hpp">
      <Filter>ImGUI</Filter>
    </ClInclude>
    <ClInclude Include="..\external\imgui\backends\imgui_impl_win32.h">
      <Filter>ImGUI</Filter>
    </ClInclude>
    <ClInclude Include="..\external\MinHook\buffer.h">
      <Filter>Hooking\MinHook</Filter>
    </ClInclude>
    <ClInclude Include="..\external\MinHook\MinHook.h">
      <Filter>Hooking\MinHook</Filter>
    </ClInclude>
    <ClInclude Include="..\external\MinHook\trampoline.h">
      <Filter>Hooking\MinHook</Filter>
    </ClInclude>
    <ClInclude Include="..\external\MinHook\hde\hde32.h">
      <Filter>Hooking\MinHook</Filter>
    </ClInclude>
    <ClInclude Include="..\external\MinHook\hde\hde64.h">
      <Filter>Hooking\MinHook</Filter>
    </ClInclude>
    <ClInclude Include="..\external\MinHook\hde\pstdint.h">
      <Filter>Hooking\MinHook</Filter>
    </ClInclude>
    <ClInclude Include="..\external\MinHook\hde\table32.h">
      <Filter>Hooking\MinHook</Filter>
    </ClInclude>
    <ClInclude Include="..\external\MinHook\hde\table64.h">
      <Filter>Hooking\MinHook</Filter>
    </ClInclude>
    <ClInclude Include="..\external\SPTLib\DetoursUtils.hpp">
      <Filter>Hooking</Filter>
    </ClInclude>
    <ClInclude Include="..\external\SPTLib\MemUtils.h">
      <Filter>Hooking</Filter>
    </ClInclude>
    <ClInclude Include="..\external\SPTLib\patterns.hpp">
      <Filter>Hooking</Filter>
    </ClInclude>
    <ClInclude Include="..\external\SPTLib\patterns_macros.hpp">
      <Filter>Hooking</Filter>
    </ClInclude>
    <ClInclude Include="..\external\SPTLib\sptlib-stdafx.hpp">
      <Filter>Hooking</Filter>
    </ClInclude>
    <ClInclude Include="..\external\SPTLib\Utils.hpp">
      <Filter>Hooking</Filter>
    </ClInclude>
    <ClInclude Include="engine_patterns.hpp">
      <Filter>Hooking</Filter>
    </ClInclude>
    <ClInclude Include="hlsdk_mini.hpp" />
    <ClInclude Include="CFeatureNewGame.h">
      <Filter>Effects</Filter>
    </ClInclude>
    <ClInclude Include="CFeatureSet1HP.h">
      <Filter>Effects</Filter>
    </ClInclude>
    <ClInclude Include="CFeatureAudioCorrupt.h">
      <Filter>Effects</Filter>
    </ClInclude>
    <ClInclude Include="engine\sound.h">
      <Filter>Engine Headers</Filter>
    </ClInclude>
    <ClInclude Include="CFeatureFly.h">
      <Filter>Effects</Filter>
    </ClInclude>
    <ClInclude Include="CFeatureRemoveArmor.h">
      <Filter>Effects</Filter>
    </ClInclude>
    <ClInclude Include="CFeatureZeroGravity.h">
      <Filter>Effects</Filter>
    </ClInclude>
    <ClInclude Include="CFeatureInvisibleEntities.h">
      <Filter>Effects</Filter>
    </ClInclude>
    <ClInclude Include="engine\svc_messages.h">
      <Filter>Engine Headers</Filter>
    </ClInclude>
    <ClInclude Include="CFeatureOhio.h">
      <Filter>Effects</Filter>
    </ClInclude>
    <ClInclude Include="CFeatureNothing.h">
      <Filter>Effects</Filter>
    </ClInclude>
    <ClInclude Include="engine\enginecallback.h">
      <Filter>Engine Headers</Filter>
    </ClInclude>
    <ClInclude Include="CFeatureDarkness.h">
      <Filter>Effects</Filter>
    </ClInclude>
    <ClInclude Include="CFeatureTotem.h">
      <Filter>Effects</Filter>
    </ClInclude>
    <ClInclude Include="CFeatureForgotCSS.h">
      <Filter>Effects</Filter>
    </ClInclude>
    <ClInclude Include="engine\model.h">
      <Filter>Engine Headers</Filter>
    </ClInclude>
    <ClInclude Include="CFeatureHighGravity.h">
      <Filter>Effects</Filter>
    </ClInclude>
    <ClInclude Include="CFeatureGodMode.h">
      <Filter>Effects</Filter>
    </ClInclude>
    <ClInclude Include="CFeatureGlobalGodMode.h">
      <Filter>Effects</Filter>
    </ClInclude>
    <ClInclude Include="CFeatureExplosion.h">
      <Filter>Effects</Filter>
    </ClInclude>
    <ClInclude Include="CFeatureIchthyosaur.h">
      <Filter>Effects</Filter>
    </ClInclude>
    <ClInclude Include="CFeatureGruntAmbush.h">
      <Filter>Effects</Filter>
    </ClInclude>
    <ClInclude Include="CFeatureGTA3HUD.h">
      <Filter>Effects</Filter>
    </ClInclude>
    <ClInclude Include="CFeatureWeaponStrip.h">
      <Filter>Effects</Filter>
    </ClInclude>
    <ClInclude Include="pricedown.h">
      <Filter>ImGUI</Filter>
    </ClInclude>
    <ClInclude Include="arial_black.h">
      <Filter>ImGUI</Filter>
    </ClInclude>
    <ClInclude Include="parsemsg.h" />
    <ClInclude Include="CFeatureGrieferShephard.h">
      <Filter>Effects</Filter>
    </ClInclude>
    <ClInclude Include="dynamic_precache.h" />
    <ClInclude Include="CFeatureEntitySpin.h">
      <Filter>Effects</Filter>
    </ClInclude>
    <ClInclude Include="CFeatureGTA2Camera.h">
      <Filter>Effects</Filter>
    </ClInclude>
    <ClInclude Include="CFeatureOnePercentDeath.h">
      <Filter>Effects</Filter>
    </ClInclude>
    <ClInclude Include="CFeatureSpawnRandomEntity.h">
      <Filter>Effects</Filter>
    </ClInclude>
    <ClInclude Include="CFeatureSleepy.h">
      <Filter>Effects</Filter>
    </ClInclude>
    <ClInclude Include="CFeature20FPS.h">
      <Filter>Effects</Filter>
    </ClInclude>
    <ClInclude Include="CFeatureBSPDementia.h">
      <Filter>Effects</Filter>
    </ClInclude>
    <ClInclude Include="CFeatureHEVMadness.h">
      <Filter>Effects</Filter>
    </ClInclude>
    <ClInclude Include="resource.h" />
    <ClInclude Include="CFeatureCombineEffects.h">
      <Filter>Effects</Filter>
    </ClInclude>
    <ClInclude Include="CFeatureNegativeStepsize.h">
      <Filter>Effects</Filter>
    </ClInclude>
    <ClInclude Include="CFeatureLobotomy.h">
      <Filter>Effects</Filter>
    </ClInclude>
    <ClInclude Include="sf_arborcrest.h">
      <Filter>ImGUI</Filter>
    </ClInclude>
    <ClInclude Include="arial_black_italic.h">
      <Filter>ImGUI</Filter>
    </ClInclude>
    <ClInclude Include="CFeatureUpsideDown.h">
      <Filter>Effects</Filter>
    </ClInclude>
    <ClInclude Include="CFeatureNPCExplode.h">
      <Filter>Effects</Filter>
    </ClInclude>
    <ClInclude Include="CLWrapper.h" />
    <ClInclude Include="CFeatureJeepy.h">
      <Filter>Effects</Filter>
    </ClInclude>
    <ClInclude Include="..\external\imgui\backends\imgui_impl_opengl3.h">
      <Filter>ImGUI</Filter>
    </ClInclude>
    <ClInclude Include="CFeatureGravityField.h">
      <Filter>Effects</Filter>
    </ClInclude>
    <ClInclude Include="CFeatureIceSkating.h">
      <Filter>Effects</Filter>
    </ClInclude>
    <ClInclude Include="CFeatureInvertVelocity.h">
      <Filter>Effects</Filter>
    </ClInclude>
    <ClInclude Include="CFeatureNeedForSpeed.h">
      <Filter>Effects</Filter>
    </ClInclude>
    <ClInclude Include="..\external\twitch\libirc_errors.h">
      <Filter>Twitch</Filter>
    </ClInclude>
    <ClInclude Include="..\external\twitch\libirc_events.h">
      <Filter>Twitch</Filter>
    </ClInclude>
    <ClInclude Include="..\external\twitch\libirc_options.h">
      <Filter>Twitch</Filter>
    </ClInclude>
    <ClInclude Include="..\external\twitch\libirc_rfcnumeric.h">
      <Filter>Twitch</Filter>
    </ClInclude>
    <ClInclude Include="..\external\twitch\libircclient.h">
      <Filter>Twitch</Filter>
    </ClInclude>
    <ClInclude Include="..\external\twitch\twitch.h">
      <Filter>Twitch</Filter>
    </ClInclude>
    <ClInclude Include="..\external\utf8\checked.h">
      <Filter>Twitch</Filter>
    </ClInclude>
    <ClInclude Include="..\external\utf8\core.h">
      <Filter>Twitch</Filter>
    </ClInclude>
    <ClInclude Include="..\external\utf8\unchecked.h">
      <Filter>Twitch</Filter>
    </ClInclude>
    <ClInclude Include="..\external\utf8\utf8.h">
      <Filter>Twitch</Filter>
    </ClInclude>
    <ClInclude Include="..\external\fmt\container.h">
      <Filter>Twitch</Filter>
    </ClInclude>
    <ClInclude Include="..\external\fmt\format.h">
      <Filter>Twitch</Filter>
    </ClInclude>
    <ClInclude Include="..\external\fmt\ostream.h">
      <Filter>Twitch</Filter>
    </ClInclude>
    <ClInclude Include="..\external\fmt\posix.h">
      <Filter>Twitch</Filter>
    </ClInclude>
    <ClInclude Include="..\external\fmt\printf.h">
      <Filter>Twitch</Filter>
    </ClInclude>
    <ClInclude Include="..\external\fmt\string.h">
      <Filter>Twitch</Filter>
    </ClInclude>
    <ClInclude Include="..\external\fmt\time.h">
      <Filter>Twitch</Filter>
    </ClInclude>
    <ClInclude Include="..\external\cpp_aux.h">
      <Filter>Twitch</Filter>
    </ClInclude>
    <ClInclude Include="CFeatureGiveRandomWeapon.h">
      <Filter>Effects</Filter>
    </ClInclude>
    <ClInclude Include="CFeatureMakeItBunDem.h">
      <Filter>Effects</Filter>
    </ClInclude>
    <ClInclude Include="CFeatureX10Gravity.h">
      <Filter>Effects</Filter>
    </ClInclude>
    <ClInclude Include="CFeatureBikiniBottom.h">
      <Filter>Effects</Filter>
    </ClInclude>
    <ClInclude Include="CFeatureOverwriteQuicksave.h">
      <Filter>Effects</Filter>
    </ClInclude>
    <ClInclude Include="CFeatureStop.h">
      <Filter>Effects</Filter>
    </ClInclude>
    <ClInclude Include="CFeatureNoclip.h">
      <Filter>Effects</Filter>
    </ClInclude>
    <ClInclude Include="CFeatureAmIDead.h">
      <Filter>Effects</Filter>
    </ClInclude>
    <ClInclude Include="CFeatureGiveArmor.h">
      <Filter>Effects</Filter>
    </ClInclude>
    <ClInclude Include="CFeatureGiveHealth.h">
      <Filter>Effects</Filter>
    </ClInclude>
    <ClInclude Include="CFeatureHL2Movement.h">
      <Filter>Effects</Filter>
    </ClInclude>
    <ClInclude Include="CFeatureNodeGraphRebuilding.h">
      <Filter>Effects</Filter>
    </ClInclude>
    <ClInclude Include="CFeatureNice.h">
      <Filter>Effects</Filter>
    </ClInclude>
    <ClInclude Include="CFeatureInsaneStepsize.h">
      <Filter>Effects</Filter>
    </ClInclude>
    <ClInclude Include="CFeatureDeleteRandomEntity.h">
      <Filter>Effects</Filter>
    </ClInclude>
    <ClInclude Include="CFeatureNuke.h">
      <Filter>Effects</Filter>
    </ClInclude>
    <ClInclude Include="CFeaturePlusDuck.h">
      <Filter>Effects</Filter>
    </ClInclude>
    <ClInclude Include="CFeatureMonsterWorldspawn.h">
      <Filter>Effects</Filter>
    </ClInclude>
    <ClInclude Include="CFeatureSpawnFastrun.h">
      <Filter>Effects</Filter>
    </ClInclude>
    <ClInclude Include="CFeatureWorldHallucination.h">
      <Filter>Effects</Filter>
    </ClInclude>
    <ClInclude Include="CFeatureGiveOneHP.h">
      <Filter>Effects</Filter>
    </ClInclude>
    <ClInclude Include="CFeatureTakeOneHP.h">
      <Filter>Effects</Filter>
    </ClInclude>
    <ClInclude Include="CFeatureScientistMadness.h">
      <Filter>Effects</Filter>
    </ClInclude>
    <ClInclude Include="CFeatureMLGAudio.h">
      <Filter>Effects</Filter>
    </ClInclude>
    <ClInclude Include="CFeatureNoHUD.h">
      <Filter>Effects</Filter>
    </ClInclude>
    <ClInclude Include="CFeatureQuakePro.h">
      <Filter>Effects</Filter>
    </ClInclude>
    <ClInclude Include="CFeatureNegativeAccelerate.h">
      <Filter>Effects</Filter>
    </ClInclude>
    <ClInclude Include="CFeatureExtremeGrieferShephard.h">
      <Filter>Effects</Filter>
    </ClInclude>
    <ClInclude Include="CFeatureSqueakShephard.h">
      <Filter>Effects</Filter>
    </ClInclude>
    <ClInclude Include="CFeatureSqueakShephards.h">
      <Filter>Effects</Filter>
    </ClInclude>
    <ClInclude Include="CFeatureBoost.h">
      <Filter>Effects</Filter>
    </ClInclude>
    <ClInclude Include="CrashHandler.h" />
    <ClInclude Include="..\external\StackWalker.h">
      <Filter>StackWalker</Filter>
    </ClInclude>
    <ClInclude Include="CFeatureNotarget.h">
      <Filter>Effects</Filter>
    </ClInclude>
    <ClInclude Include="CFeatureHalfGravity.h">
      <Filter>Effects</Filter>
    </ClInclude>
    <ClInclude Include="CFeatureRollin.h">
      <Filter>Effects</Filter>
    </ClInclude>
    <ClInclude Include="Shader.h" />
    <ClInclude Include="CFeatureHigh.h">
      <Filter>Effects</Filter>
    </ClInclude>
    <ClInclude Include="CFeatureShake.h">
      <Filter>Effects</Filter>
    </ClInclude>
    <ClInclude Include="CFeatureSlap.h">
      <Filter>Effects</Filter>
    </ClInclude>
    <ClInclude Include="CFeaturePlayAG.h">
      <Filter>Effects</Filter>
    </ClInclude>
    <ClInclude Include="CFeature10Effects.h">
      <Filter>Effects</Filter>
    </ClInclude>
    <ClInclude Include="CFeatureSwapHealth.h">
      <Filter>Effects</Filter>
    </ClInclude>
    <ClInclude Include="CFeatureTeleportToRandomNPC.h">
      <Filter>Effects</Filter>
    </ClInclude>
    <ClInclude Include="CFeatureShuffleEntitiesPositions.h">
      <Filter>Effects</Filter>
    </ClInclude>
    <ClInclude Include="CFeatureWideNPCs.h">
      <Filter>Effects</Filter>
    </ClInclude>
    <ClInclude Include="CFeatureUltraWideNPCs.h">
      <Filter>Effects</Filter>
    </ClInclude>
    <ClInclude Include="CFeatureTinyNPCs.h">
      <Filter>Effects</Filter>
    </ClInclude>
    <ClInclude Include="CFeaturePaperNPCs.h">
      <Filter>Effects</Filter>
    </ClInclude>
    <ClInclude Include="CFeatureGiveOneArmor.h">
      <Filter>Effects</Filter>
    </ClInclude>
    <ClInclude Include="CFeatureReplaceModelsWithPlayer.h">
      <Filter>Effects</Filter>
    </ClInclude>
    <ClInclude Include="CFeatureHorrorAudio.h">
      <Filter>Effects</Filter>
    </ClInclude>
    <ClInclude Include="CFeatureLowFOV.h">
      <Filter>Effects</Filter>
    </ClInclude>
    <ClInclude Include="CFeatureDisableChaosUI.h">
      <Filter>Effects</Filter>
    </ClInclude>
    <ClInclude Include="CFeatureRandomFog.h">
      <Filter>Effects</Filter>
    </ClInclude>
    <ClInclude Include="CFeatureWorstBhopCap.h">
      <Filter>Effects</Filter>
    </ClInclude>
    <ClInclude Include="CFeatureLongJump.h">
      <Filter>Effects</Filter>
    </ClInclude>
    <ClInclude Include="CFeatureReloadAutosave.h">
      <Filter>Effects</Filter>
    </ClInclude>
    <ClInclude Include="CFeatureExtremeGrieferJesus.h">
      <Filter>Effects</Filter>
    </ClInclude>
    <ClInclude Include="CFeatureMegaJump.h">
      <Filter>Effects</Filter>
    </ClInclude>
    <ClInclude Include="CFeatureSpawn5RandomEntities.h">
      <Filter>Effects</Filter>
    </ClInclude>
    <ClInclude Include="CFeatureGiveAllWeapons.h">
      <Filter>Effects</Filter>
    </ClInclude>
    <ClInclude Include="CFeatureWaterIsALie.h">
      <Filter>Effects</Filter>
    </ClInclude>
    <ClInclude Include="CFeatureQuakeJumpSound.h">
      <Filter>Effects</Filter>
    </ClInclude>
    <ClInclude Include="CFeatureHook.h">
      <Filter>Effects</Filter>
    </ClInclude>
    <ClInclude Include="CFeatureSpawnTeleport.h">
      <Filter>Effects</Filter>
    </ClInclude>
    <ClInclude Include="CFeatureMirrorScreen.h">
      <Filter>Effects</Filter>
    </ClInclude>
    <ClInclude Include="CFeatureWideScreen.h">
      <Filter>Effects</Filter>
    </ClInclude>
    <ClInclude Include="CFeatureCreepypasta.h">
      <Filter>Effects</Filter>
    </ClInclude>
    <ClInclude Include="CFeatureMessWorld.h">
      <Filter>Effects</Filter>
    </ClInclude>
    <ClInclude Include="CFeatureKickWorld.h">
      <Filter>Effects</Filter>
    </ClInclude>
    <ClInclude Include="CFeatureTallWorld.h">
      <Filter>Effects</Filter>
    </ClInclude>
    <ClInclude Include="CFeature10GoodEffects.h">
      <Filter>Effects</Filter>
    </ClInclude>
    <ClInclude Include="in_camera.h" />
    <ClInclude Include="CFeatureTrapPlayer.h">
      <Filter>Effects</Filter>
    </ClInclude>
    <ClInclude Include="CFeatureThirdPerson.h">
      <Filter>Effects</Filter>
    </ClInclude>
    <ClInclude Include="CFeatureModelInsanity.h">
      <Filter>Effects</Filter>
    </ClInclude>
    <ClInclude Include="CFeatureHalfGameSpeed.h">
      <Filter>Effects</Filter>
    </ClInclude>
    <ClInclude Include="CFeatureStandstill.h">
      <Filter>Effects</Filter>
    </ClInclude>
    <ClInclude Include="CFeatureGameSpeedup.h">
      <Filter>Effects</Filter>
    </ClInclude>
    <ClInclude Include="CFeatureGambling.h">
      <Filter>Effects</Filter>
    </ClInclude>
    <ClInclude Include="CFeatureCheatCodeVoting.h">
      <Filter>Effects</Filter>
    </ClInclude>
    <ClInclude Include="CFeatureRandomGameSpeed.h">
      <Filter>Effects</Filter>
    </ClInclude>
    <ClInclude Include="CFeatureTurbulentHell.h">
      <Filter>Effects</Filter>
    </ClInclude>
    <ClInclude Include="CFeatureNAAim.h">
      <Filter>Effects</Filter>
    </ClInclude>
    <ClInclude Include="CFeatureTempEntityMadness.h">
      <Filter>Effects</Filter>
    </ClInclude>
    <ClInclude Include="CFeatureEUAim.h">
      <Filter>Effects</Filter>
    </ClInclude>
    <ClInclude Include="CFeatureScrollingHell.h">
      <Filter>Effects</Filter>
    </ClInclude>
    <ClInclude Include="CFeatureDelete5RandomEntities.h">
      <Filter>Effects</Filter>
    </ClInclude>
    <ClInclude Include="CFeatureKilometer.h">
      <Filter>Effects</Filter>
    </ClInclude>
    <ClInclude Include="CFeatureDinnerbone.h">
      <Filter>Effects</Filter>
    </ClInclude>
    <ClInclude Include="CFeatureMinerals.h">
      <Filter>Effects</Filter>
    </ClInclude>
    <ClInclude Include="CFeatureMoveAllNPCsToPlayer.h">
      <Filter>Effects</Filter>
    </ClInclude>
    <ClInclude Include="CFeatureFloatingPointInaccuracy.h">
      <Filter>Effects</Filter>
    </ClInclude>
    <ClInclude Include="CFeatureChipmunks.h">
      <Filter>Effects</Filter>
    </ClInclude>
    <ClInclude Include="ChaosLoudManager.h" />
    <ClInclude Include="..\external\soloud\src\audiosource\speech\darray.h">
      <Filter>SoLoud</Filter>
    </ClInclude>
    <ClInclude Include="..\external\soloud\src\audiosource\speech\klatt.h">
      <Filter>SoLoud</Filter>
    </ClInclude>
    <ClInclude Include="..\external\soloud\src\audiosource\speech\resonator.h">
      <Filter>SoLoud</Filter>
    </ClInclude>
    <ClInclude Include="..\external\soloud\src\audiosource\speech\tts.h">
      <Filter>SoLoud</Filter>
    </ClInclude>
    <ClInclude Include="..\external\soloud\src\audiosource\tedsid\sid.h">
      <Filter>SoLoud</Filter>
    </ClInclude>
    <ClInclude Include="..\external\soloud\src\audiosource\tedsid\ted.h">
      <Filter>SoLoud</Filter>
    </ClInclude>
    <ClInclude Include="..\external\soloud\src\audiosource\wav\dr_flac.h">
      <Filter>SoLoud</Filter>
    </ClInclude>
    <ClInclude Include="..\external\soloud\src\audiosource\wav\dr_mp3.h">
      <Filter>SoLoud</Filter>
    </ClInclude>
    <ClInclude Include="..\external\soloud\src\audiosource\wav\dr_wav.h">
      <Filter>SoLoud</Filter>
    </ClInclude>
    <ClInclude Include="..\external\soloud\src\audiosource\wav\stb_vorbis.h">
      <Filter>SoLoud</Filter>
    </ClInclude>
    <ClInclude Include="CFeatureEBoost.h">
      <Filter>Effects</Filter>
    </ClInclude>
    <ClInclude Include="CFeatureViewOfsInsanity.h">
      <Filter>Effects</Filter>
    </ClInclude>
    <ClInclude Include="CFeatureOverwriteAutosave.h">
      <Filter>Effects</Filter>
    </ClInclude>
    <ClInclude Include="CFeatureOverthinking.h">
      <Filter>Effects</Filter>
    </ClInclude>
    <ClInclude Include="CFeatureNightvision.h">
      <Filter>Effects</Filter>
    </ClInclude>
    <ClInclude Include="CFeatureVoidclip.h">
      <Filter>Effects</Filter>
    </ClInclude>
    <ClInclude Include="CFeatureLowDrawDistance.h">
      <Filter>Effects</Filter>
    </ClInclude>
    <ClInclude Include="CFeatureSuperhot.h">
      <Filter>Effects</Filter>
    </ClInclude>
    <ClInclude Include="CFeatureNoAttacking.h">
      <Filter>Effects</Filter>
    </ClInclude>
    <ClInclude Include="CFeaturePortrait.h">
      <Filter>Effects</Filter>
    </ClInclude>
    <ClInclude Include="CFeatureDisableOneMovementKey.h">
      <Filter>Effects</Filter>
    </ClInclude>
    <ClInclude Include="CFeatureInvertMovementInputs.h">
      <Filter>Effects</Filter>
    </ClInclude>
    <ClInclude Include="CFeatureOHKO.h">
      <Filter>Effects</Filter>
    </ClInclude>
    <ClInclude Include="CFeatureComboTime.h">
      <Filter>Effects</Filter>
    </ClInclude>
    <ClInclude Include="CFeatureInputDelay.h">
      <Filter>Effects</Filter>
    </ClInclude>
    <ClInclude Include="CFeatureBlur.h">
      <Filter>Effects</Filter>
    </ClInclude>
    <ClInclude Include="mathlib.h" />
    <ClInclude Include="CFeatureMaxwell.h">
      <Filter>Effects</Filter>
    </ClInclude>
    <ClInclude Include="CFeatureSwapAttacks.h">
      <Filter>Effects</Filter>
    </ClInclude>
    <ClInclude Include="CFeatureTwitchy.h">
      <Filter>Effects</Filter>
    </ClInclude>
  </ItemGroup>
  <ItemGroup>
    <Filter Include="Hooking">
      <UniqueIdentifier>{75ebef52-1b11-4d21-8441-6199d62e2cb5}</UniqueIdentifier>
    </Filter>
    <Filter Include="ImGUI">
      <UniqueIdentifier>{f7761522-cd60-43b1-8bf9-8dd0ecacf5aa}</UniqueIdentifier>
    </Filter>
    <Filter Include="Hooking\MinHook">
      <UniqueIdentifier>{d6f9a094-badd-46b9-a2e7-57ef58bcfdf2}</UniqueIdentifier>
    </Filter>
    <Filter Include="Effects">
      <UniqueIdentifier>{d170554e-f0b9-44c9-8d91-d15bd29adb8f}</UniqueIdentifier>
    </Filter>
    <Filter Include="Engine Headers">
      <UniqueIdentifier>{053a6fdc-acba-4396-9066-59d2b4f71a02}</UniqueIdentifier>
    </Filter>
    <Filter Include="Twitch">
      <UniqueIdentifier>{22c98969-d9a4-4bdd-b86c-c859bbe6b27b}</UniqueIdentifier>
    </Filter>
    <Filter Include="StackWalker">
      <UniqueIdentifier>{e28e131f-1ea9-461d-ad2b-7d3ab6f3c434}</UniqueIdentifier>
    </Filter>
    <Filter Include="SoLoud">
      <UniqueIdentifier>{56993a47-7779-414c-8560-e53adca68e75}</UniqueIdentifier>
    </Filter>
  </ItemGroup>
  <ItemGroup>
    <ResourceCompile Include="GSChaos.rc" />
  </ItemGroup>
  <ItemGroup>
    <None Include="..\external\soloud\src\audiosource\speech\Elements.def">
      <Filter>SoLoud</Filter>
    </None>
  </ItemGroup>
</Project>